
Microsoft Visual Studio Solution File, Format Version 12.00
# Visual Studio Version 17
VisualStudioVersion = 17.0.31903.59
MinimumVisualStudioVersion = 10.0.40219.1
Project("{FAE04EC0-301F-11D3-BF4B-00C04F79EFBC}") = "EcommerceBackend.Api", "EcommerceBackend.Api\EcommerceBackend.Api.csproj", "{2794C45C-1DC6-4703-849C-BCA0CE451468}"
EndProject
Global
	GlobalSection(SolutionConfigurationPlatforms) = preSolution
		Debug|Any CPU = Debug|Any CPU
		Release|Any CPU = Release|Any CPU
	EndGlobalSection
	GlobalSection(SolutionProperties) = preSolution
		HideSolutionNode = FALSE
	EndGlobalSection
	GlobalSection(ProjectConfigurationPlatforms) = postSolution
		{2794C45C-1DC6-4703-849C-BCA0CE451468}.Debug|Any CPU.ActiveCfg = Debug|Any CPU
		{2794C45C-1DC6-4703-849C-BCA0CE451468}.Debug|Any CPU.Build.0 = Debug|Any CPU
		{2794C45C-1DC6-4703-849C-BCA0CE451468}.Release|Any CPU.ActiveCfg = Release|Any CPU
		{2794C45C-1DC6-4703-849C-BCA0CE451468}.Release|Any CPU.Build.0 = Release|Any CPU
	EndGlobalSection
EndGlobal
